
Microsoft Visual Studio Solution File, Format Version 12.00
# Visual Studio Version 18
VisualStudioVersion = 18.4.11612.150
MinimumVisualStudioVersion = 10.0.40219.1
Project("{2150E333-8FDC-42A3-9474-1A3956D46DE8}") = "Solution Items", "Solution Items", "{F46B5958-C607-4E07-9C2C-F63538149287}"
	ProjectSection(SolutionItems) = preProject
		LICENSE = LICENSE
		nuget.config = nuget.config
		readme.md = readme.md
	EndProjectSection
EndProject
Project("{9A19103F-16F7-4668-BE54-9A1E7A4F7556}") = "BrowserPicker.Common", "src\BrowserPicker.Common\BrowserPicker.Common.csproj", "{D7695535-9C0D-4983-B8F7-09B067347E7E}"
EndProject
Project("{9A19103F-16F7-4668-BE54-9A1E7A4F7556}") = "BrowserPicker.UI", "src\BrowserPicker.UI\BrowserPicker.UI.csproj", "{B875AE86-5212-4F7F-BB1C-2BAA1FC110BC}"
EndProject
Project("{9A19103F-16F7-4668-BE54-9A1E7A4F7556}") = "BrowserPicker.Windows", "src\BrowserPicker.Windows\BrowserPicker.Windows.csproj", "{C3CE17EA-BAAE-4DE7-AFB2-319D50ECB2C8}"
EndProject
Project("{2150E333-8FDC-42A3-9474-1A3956D46DE8}") = "src", "src", "{A7A5C3AA-4BF6-4B3B-A515-6C1E21E0B4E1}"
	ProjectSection(SolutionItems) = preProject
		src\Directory.Build.props = src\Directory.Build.props
		src\Directory.Packages.props = src\Directory.Packages.props
	EndProjectSection
EndProject
Project("{2150E333-8FDC-42A3-9474-1A3956D46DE8}") = "dist", "dist", "{CD1CE02F-9EBF-48E0-81E4-E047F20F10C8}"
	ProjectSection(SolutionItems) = preProject
		dist\code_signing.cer = dist\code_signing.cer
		dist\Directory.Build.props = dist\Directory.Build.props
		dist\Directory.Packages.props = dist\Directory.Packages.props
	EndProjectSection
EndProject
Project("{B7DD6F7E-DEF8-4E67-B5B7-07EF123DB6F0}") = "Dependent", "dist\Dependent\Dependent.wixproj", "{F9D9359C-6DA4-463E-86B9-505E04E01C3A}"
EndProject
Project("{B7DD6F7E-DEF8-4E67-B5B7-07EF123DB6F0}") = "Portable", "dist\Portable\Portable.wixproj", "{FADE3CC5-5631-4BF0-A92B-A3464BA5A5EA}"
EndProject
Project("{2150E333-8FDC-42A3-9474-1A3956D46DE8}") = "tools", "tools", "{4F9A9F0E-98B5-459D-BFD1-9CFEAFE5D116}"
	ProjectSection(SolutionItems) = preProject
		tools\Directory.Build.props = tools\Directory.Build.props
		tools\Directory.Packages.props = tools\Directory.Packages.props
	EndProjectSection
EndProject
Project("{FAE04EC0-301F-11D3-BF4B-00C04F79EFBC}") = "BrowserPicker.SchemaGen", "tools\BrowserPicker.SchemaGen\BrowserPicker.SchemaGen.csproj", "{9D34ABBC-3A7D-BA41-F4CD-EED86E736900}"
EndProject
Project("{2150E333-8FDC-42A3-9474-1A3956D46DE8}") = "tests", "tests", "{0AB3BF05-4346-4AA6-1389-037BE0695223}"
EndProject
Project("{FAE04EC0-301F-11D3-BF4B-00C04F79EFBC}") = "BrowserPicker.Common.Tests", "tests\BrowserPicker.Common.Tests\BrowserPicker.Common.Tests.csproj", "{74803C00-9215-44D9-B3DC-FD1BFB45B020}"
EndProject
Global
	GlobalSection(SolutionConfigurationPlatforms) = preSolution
		Debug|ARM64 = Debug|ARM64
		Debug|x64 = Debug|x64
		Debug|x86 = Debug|x86
		Debug|Any CPU = Debug|Any CPU
		Release|ARM64 = Release|ARM64
		Release|x64 = Release|x64
		Release|x86 = Release|x86
		Release|Any CPU = Release|Any CPU
	EndGlobalSection
	GlobalSection(ProjectConfigurationPlatforms) = postSolution
		{D7695535-9C0D-4983-B8F7-09B067347E7E}.Debug|ARM64.ActiveCfg = Debug|x64
		{D7695535-9C0D-4983-B8F7-09B067347E7E}.Debug|ARM64.Build.0 = Debug|x64
		{D7695535-9C0D-4983-B8F7-09B067347E7E}.Debug|x64.ActiveCfg = Debug|x64
		{D7695535-9C0D-4983-B8F7-09B067347E7E}.Debug|x64.Build.0 = Debug|x64
		{D7695535-9C0D-4983-B8F7-09B067347E7E}.Debug|x86.ActiveCfg = Debug|x64
		{D7695535-9C0D-4983-B8F7-09B067347E7E}.Debug|x86.Build.0 = Debug|x64
		{D7695535-9C0D-4983-B8F7-09B067347E7E}.Debug|Any CPU.ActiveCfg = Debug|Any CPU
		{D7695535-9C0D-4983-B8F7-09B067347E7E}.Debug|Any CPU.Build.0 = Debug|Any CPU
		{D7695535-9C0D-4983-B8F7-09B067347E7E}.Release|ARM64.ActiveCfg = Release|x64
		{D7695535-9C0D-4983-B8F7-09B067347E7E}.Release|ARM64.Build.0 = Release|x64
		{D7695535-9C0D-4983-B8F7-09B067347E7E}.Release|x64.ActiveCfg = Release|x64
		{D7695535-9C0D-4983-B8F7-09B067347E7E}.Release|x64.Build.0 = Release|x64
		{D7695535-9C0D-4983-B8F7-09B067347E7E}.Release|x86.ActiveCfg = Release|x64
		{D7695535-9C0D-4983-B8F7-09B067347E7E}.Release|x86.Build.0 = Release|x64
		{D7695535-9C0D-4983-B8F7-09B067347E7E}.Release|Any CPU.ActiveCfg = Release|Any CPU
		{D7695535-9C0D-4983-B8F7-09B067347E7E}.Release|Any CPU.Build.0 = Release|Any CPU
		{B875AE86-5212-4F7F-BB1C-2BAA1FC110BC}.Debug|ARM64.ActiveCfg = Debug|x64
		{B875AE86-5212-4F7F-BB1C-2BAA1FC110BC}.Debug|ARM64.Build.0 = Debug|x64
		{B875AE86-5212-4F7F-BB1C-2BAA1FC110BC}.Debug|x64.ActiveCfg = Debug|x64
		{B875AE86-5212-4F7F-BB1C-2BAA1FC110BC}.Debug|x64.Build.0 = Debug|x64
		{B875AE86-5212-4F7F-BB1C-2BAA1FC110BC}.Debug|x86.ActiveCfg = Debug|x64
		{B875AE86-5212-4F7F-BB1C-2BAA1FC110BC}.Debug|x86.Build.0 = Debug|x64
		{B875AE86-5212-4F7F-BB1C-2BAA1FC110BC}.Debug|Any CPU.ActiveCfg = Debug|Any CPU
		{B875AE86-5212-4F7F-BB1C-2BAA1FC110BC}.Debug|Any CPU.Build.0 = Debug|Any CPU
		{B875AE86-5212-4F7F-BB1C-2BAA1FC110BC}.Release|ARM64.ActiveCfg = Release|x64
		{B875AE86-5212-4F7F-BB1C-2BAA1FC110BC}.Release|ARM64.Build.0 = Release|x64
		{B875AE86-5212-4F7F-BB1C-2BAA1FC110BC}.Release|x64.ActiveCfg = Release|x64
		{B875AE86-5212-4F7F-BB1C-2BAA1FC110BC}.Release|x64.Build.0 = Release|x64
		{B875AE86-5212-4F7F-BB1C-2BAA1FC110BC}.Release|x86.ActiveCfg = Release|x64
		{B875AE86-5212-4F7F-BB1C-2BAA1FC110BC}.Release|x86.Build.0 = Release|x64
		{B875AE86-5212-4F7F-BB1C-2BAA1FC110BC}.Release|Any CPU.ActiveCfg = Release|Any CPU
		{B875AE86-5212-4F7F-BB1C-2BAA1FC110BC}.Release|Any CPU.Build.0 = Release|Any CPU
		{C3CE17EA-BAAE-4DE7-AFB2-319D50ECB2C8}.Debug|ARM64.ActiveCfg = Debug|x64
		{C3CE17EA-BAAE-4DE7-AFB2-319D50ECB2C8}.Debug|ARM64.Build.0 = Debug|x64
		{C3CE17EA-BAAE-4DE7-AFB2-319D50ECB2C8}.Debug|x64.ActiveCfg = Debug|x64
		{C3CE17EA-BAAE-4DE7-AFB2-319D50ECB2C8}.Debug|x64.Build.0 = Debug|x64
		{C3CE17EA-BAAE-4DE7-AFB2-319D50ECB2C8}.Debug|x86.ActiveCfg = Debug|x64
		{C3CE17EA-BAAE-4DE7-AFB2-319D50ECB2C8}.Debug|x86.Build.0 = Debug|x64
		{C3CE17EA-BAAE-4DE7-AFB2-319D50ECB2C8}.Debug|Any CPU.ActiveCfg = Debug|Any CPU
		{C3CE17EA-BAAE-4DE7-AFB2-319D50ECB2C8}.Debug|Any CPU.Build.0 = Debug|Any CPU
		{C3CE17EA-BAAE-4DE7-AFB2-319D50ECB2C8}.Release|ARM64.ActiveCfg = Release|x64
		{C3CE17EA-BAAE-4DE7-AFB2-319D50ECB2C8}.Release|ARM64.Build.0 = Release|x64
		{C3CE17EA-BAAE-4DE7-AFB2-319D50ECB2C8}.Release|x64.ActiveCfg = Release|x64
		{C3CE17EA-BAAE-4DE7-AFB2-319D50ECB2C8}.Release|x64.Build.0 = Release|x64
		{C3CE17EA-BAAE-4DE7-AFB2-319D50ECB2C8}.Release|x86.ActiveCfg = Release|x64
		{C3CE17EA-BAAE-4DE7-AFB2-319D50ECB2C8}.Release|x86.Build.0 = Release|x64
		{C3CE17EA-BAAE-4DE7-AFB2-319D50ECB2C8}.Release|Any CPU.ActiveCfg = Release|Any CPU
		{C3CE17EA-BAAE-4DE7-AFB2-319D50ECB2C8}.Release|Any CPU.Build.0 = Release|Any CPU
		{F9D9359C-6DA4-463E-86B9-505E04E01C3A}.Debug|ARM64.ActiveCfg = Debug|ARM64
		{F9D9359C-6DA4-463E-86B9-505E04E01C3A}.Debug|x64.ActiveCfg = Debug|x64
		{F9D9359C-6DA4-463E-86B9-505E04E01C3A}.Debug|x86.ActiveCfg = Debug|x86
		{F9D9359C-6DA4-463E-86B9-505E04E01C3A}.Debug|Any CPU.ActiveCfg = Debug|Any CPU
		{F9D9359C-6DA4-463E-86B9-505E04E01C3A}.Debug|Any CPU.Build.0 = Debug|Any CPU
		{F9D9359C-6DA4-463E-86B9-505E04E01C3A}.Release|ARM64.ActiveCfg = Release|ARM64
		{F9D9359C-6DA4-463E-86B9-505E04E01C3A}.Release|ARM64.Build.0 = Release|ARM64
		{F9D9359C-6DA4-463E-86B9-505E04E01C3A}.Release|x64.ActiveCfg = Release|x64
		{F9D9359C-6DA4-463E-86B9-505E04E01C3A}.Release|x86.ActiveCfg = Release|x86
		{F9D9359C-6DA4-463E-86B9-505E04E01C3A}.Release|x86.Build.0 = Release|x86
		{F9D9359C-6DA4-463E-86B9-505E04E01C3A}.Release|Any CPU.ActiveCfg = Release|Any CPU
		{F9D9359C-6DA4-463E-86B9-505E04E01C3A}.Release|Any CPU.Build.0 = Release|Any CPU
		{FADE3CC5-5631-4BF0-A92B-A3464BA5A5EA}.Debug|ARM64.ActiveCfg = Debug|ARM64
		{FADE3CC5-5631-4BF0-A92B-A3464BA5A5EA}.Debug|x64.ActiveCfg = Debug|x64
		{FADE3CC5-5631-4BF0-A92B-A3464BA5A5EA}.Debug|x86.ActiveCfg = Debug|x86
		{FADE3CC5-5631-4BF0-A92B-A3464BA5A5EA}.Debug|Any CPU.ActiveCfg = Debug|Any CPU
		{FADE3CC5-5631-4BF0-A92B-A3464BA5A5EA}.Debug|Any CPU.Build.0 = Debug|Any CPU
		{FADE3CC5-5631-4BF0-A92B-A3464BA5A5EA}.Release|ARM64.ActiveCfg = Release|ARM64
		{FADE3CC5-5631-4BF0-A92B-A3464BA5A5EA}.Release|ARM64.Build.0 = Release|ARM64
		{FADE3CC5-5631-4BF0-A92B-A3464BA5A5EA}.Release|x64.ActiveCfg = Release|x64
		{FADE3CC5-5631-4BF0-A92B-A3464BA5A5EA}.Release|x86.ActiveCfg = Release|x86
		{FADE3CC5-5631-4BF0-A92B-A3464BA5A5EA}.Release|x86.Build.0 = Release|x86
		{FADE3CC5-5631-4BF0-A92B-A3464BA5A5EA}.Release|Any CPU.ActiveCfg = Release|Any CPU
		{FADE3CC5-5631-4BF0-A92B-A3464BA5A5EA}.Release|Any CPU.Build.0 = Release|Any CPU
		{9D34ABBC-3A7D-BA41-F4CD-EED86E736900}.Debug|ARM64.ActiveCfg = Debug|x64
		{9D34ABBC-3A7D-BA41-F4CD-EED86E736900}.Debug|x64.ActiveCfg = Debug|x64
		{9D34ABBC-3A7D-BA41-F4CD-EED86E736900}.Debug|x86.ActiveCfg = Debug|x64
		{9D34ABBC-3A7D-BA41-F4CD-EED86E736900}.Debug|Any CPU.ActiveCfg = Debug|Any CPU
		{9D34ABBC-3A7D-BA41-F4CD-EED86E736900}.Debug|Any CPU.Build.0 = Debug|Any CPU
		{9D34ABBC-3A7D-BA41-F4CD-EED86E736900}.Release|ARM64.ActiveCfg = Release|x64
		{9D34ABBC-3A7D-BA41-F4CD-EED86E736900}.Release|ARM64.Build.0 = Release|x64
		{9D34ABBC-3A7D-BA41-F4CD-EED86E736900}.Release|x64.ActiveCfg = Release|x64
		{9D34ABBC-3A7D-BA41-F4CD-EED86E736900}.Release|x64.Build.0 = Release|x64
		{9D34ABBC-3A7D-BA41-F4CD-EED86E736900}.Release|x86.ActiveCfg = Release|x64
		{9D34ABBC-3A7D-BA41-F4CD-EED86E736900}.Release|x86.Build.0 = Release|x64
		{9D34ABBC-3A7D-BA41-F4CD-EED86E736900}.Release|Any CPU.ActiveCfg = Release|Any CPU
		{9D34ABBC-3A7D-BA41-F4CD-EED86E736900}.Release|Any CPU.Build.0 = Release|Any CPU
		{74803C00-9215-44D9-B3DC-FD1BFB45B020}.Debug|ARM64.ActiveCfg = Debug|x64
		{74803C00-9215-44D9-B3DC-FD1BFB45B020}.Debug|ARM64.Build.0 = Debug|x64
		{74803C00-9215-44D9-B3DC-FD1BFB45B020}.Debug|x64.ActiveCfg = Debug|x64
		{74803C00-9215-44D9-B3DC-FD1BFB45B020}.Debug|x64.Build.0 = Debug|x64
		{74803C00-9215-44D9-B3DC-FD1BFB45B020}.Debug|x86.ActiveCfg = Debug|x64
		{74803C00-9215-44D9-B3DC-FD1BFB45B020}.Debug|x86.Build.0 = Debug|x64
		{74803C00-9215-44D9-B3DC-FD1BFB45B020}.Debug|Any CPU.ActiveCfg = Debug|x64
		{74803C00-9215-44D9-B3DC-FD1BFB45B020}.Debug|Any CPU.Build.0 = Debug|x64
		{74803C00-9215-44D9-B3DC-FD1BFB45B020}.Release|ARM64.ActiveCfg = Release|x64
		{74803C00-9215-44D9-B3DC-FD1BFB45B020}.Release|ARM64.Build.0 = Release|x64
		{74803C00-9215-44D9-B3DC-FD1BFB45B020}.Release|x64.ActiveCfg = Release|x64
		{74803C00-9215-44D9-B3DC-FD1BFB45B020}.Release|x64.Build.0 = Release|x64
		{74803C00-9215-44D9-B3DC-FD1BFB45B020}.Release|x86.ActiveCfg = Release|x64
		{74803C00-9215-44D9-B3DC-FD1BFB45B020}.Release|x86.Build.0 = Release|x64
		{74803C00-9215-44D9-B3DC-FD1BFB45B020}.Release|Any CPU.ActiveCfg = Release|x64
		{74803C00-9215-44D9-B3DC-FD1BFB45B020}.Release|Any CPU.Build.0 = Release|x64
	EndGlobalSection
	GlobalSection(SolutionProperties) = preSolution
		HideSolutionNode = FALSE
	EndGlobalSection
	GlobalSection(NestedProjects) = preSolution
		{D7695535-9C0D-4983-B8F7-09B067347E7E} = {A7A5C3AA-4BF6-4B3B-A515-6C1E21E0B4E1}
		{B875AE86-5212-4F7F-BB1C-2BAA1FC110BC} = {A7A5C3AA-4BF6-4B3B-A515-6C1E21E0B4E1}
		{C3CE17EA-BAAE-4DE7-AFB2-319D50ECB2C8} = {A7A5C3AA-4BF6-4B3B-A515-6C1E21E0B4E1}
		{F9D9359C-6DA4-463E-86B9-505E04E01C3A} = {CD1CE02F-9EBF-48E0-81E4-E047F20F10C8}
		{FADE3CC5-5631-4BF0-A92B-A3464BA5A5EA} = {CD1CE02F-9EBF-48E0-81E4-E047F20F10C8}
		{9D34ABBC-3A7D-BA41-F4CD-EED86E736900} = {4F9A9F0E-98B5-459D-BFD1-9CFEAFE5D116}
		{74803C00-9215-44D9-B3DC-FD1BFB45B020} = {0AB3BF05-4346-4AA6-1389-037BE0695223}
	EndGlobalSection
	GlobalSection(ExtensibilityGlobals) = postSolution
		SolutionGuid = {FA02F9A8-CC4F-4C63-A345-418FC0D10D32}
	EndGlobalSection
EndGlobal
